// !$*UTF8*$!
{
	archiveVersion = 1;
	classes = {
	};
	objectVersion = 56;
	objects = {

/* Begin PBXBuildFile section */
		5495D0CC2B760A81005A4AEB /* AppDelegate.swift in Sources */ = {isa = PBXBuildFile; fileRef = 5495D0CB2B760A81005A4AEB /* AppDelegate.swift */; };
		5495D0CE2B760A81005A4AEB /* SceneDelegate.swift in Sources */ = {isa = PBXBuildFile; fileRef = 5495D0CD2B760A81005A4AEB /* SceneDelegate.swift */; };
		5495D0D02B760A81005A4AEB /* ViewController.swift in Sources */ = {isa = PBXBuildFile; fileRef = 5495D0CF2B760A81005A4AEB /* ViewController.swift */; };
		5495D0D32B760A81005A4AEB /* Main.storyboard in Resources */ = {isa = PBXBuildFile; fileRef = 5495D0D12B760A81005A4AEB /* Main.storyboard */; };
		5495D0D52B760A83005A4AEB /* Assets.xcassets in Resources */ = {isa = PBXBuildFile; fileRef = 5495D0D42B760A83005A4AEB /* Assets.xcassets */; };
		5495D0D82B760A83005A4AEB /* LaunchScreen.storyboard in Resources */ = {isa = PBXBuildFile; fileRef = 5495D0D62B760A83005A4AEB /* LaunchScreen.storyboard */; };
		5495D0E32B760A83005A4AEB /* M5_JCW_AdventureTests.swift in Sources */ = {isa = PBXBuildFile; fileRef = 5495D0E22B760A83005A4AEB /* M5_JCW_AdventureTests.swift */; };
		5495D0ED2B760A83005A4AEB /* M5_JCW_AdventureUITests.swift in Sources */ = {isa = PBXBuildFile; fileRef = 5495D0EC2B760A83005A4AEB /* M5_JCW_AdventureUITests.swift */; };
		5495D0EF2B760A83005A4AEB /* M5_JCW_AdventureUITestsLaunchTests.swift in Sources */ = {isa = PBXBuildFile; fileRef = 5495D0EE2B760A83005A4AEB /* M5_JCW_AdventureUITestsLaunchTests.swift */; };
		5495D0FE2B760B0B005A4AEB /* Adventure.swift in Sources */ = {isa = PBXBuildFile; fileRef = 5495D0FD2B760B0B005A4AEB /* Adventure.swift */; };
		5495D1002B760B1C005A4AEB /* AdventureLogic.swift in Sources */ = {isa = PBXBuildFile; fileRef = 5495D0FF2B760B1C005A4AEB /* AdventureLogic.swift */; };
/* End PBXBuildFile section */

/* Begin PBXContainerItemProxy section */
		5495D0DF2B760A83005A4AEB /* PBXContainerItemProxy */ = {
			isa = PBXContainerItemProxy;
			containerPortal = 5495D0C02B760A81005A4AEB /* Project object */;
			proxyType = 1;
			remoteGlobalIDString = 5495D0C72B760A81005A4AEB;
			remoteInfo = M5_JCW_Adventure;
		};
		5495D0E92B760A83005A4AEB /* PBXContainerItemProxy */ = {
			isa = PBXContainerItemProxy;
			containerPortal = 5495D0C02B760A81005A4AEB /* Project object */;
			proxyType = 1;
			remoteGlobalIDString = 5495D0C72B760A81005A4AEB;
			remoteInfo = M5_JCW_Adventure;
		};
/* End PBXContainerItemProxy section */

/* Begin PBXFileReference section */
		5495D0C82B760A81005A4AEB /* M5_JCW_Adventure.app */ = {isa = PBXFileReference; explicitFileType = wrapper.application; includeInIndex = 0; path = M5_JCW_Adventure.app; sourceTree = BUILT_PRODUCTS_DIR; };
		5495D0CB2B760A81005A4AEB /* AppDelegate.swift */ = {isa = PBXFileReference; lastKnownFileType = sourcecode.swift; path = AppDelegate.swift; sourceTree = "<group>"; };
		5495D0CD2B760A81005A4AEB /* SceneDelegate.swift */ = {isa = PBXFileReference; lastKnownFileType = sourcecode.swift; path = SceneDelegate.swift; sourceTree = "<group>"; };
		5495D0CF2B760A81005A4AEB /* ViewController.swift */ = {isa = PBXFileReference; lastKnownFileType = sourcecode.swift; path = ViewController.swift; sourceTree = "<group>"; };
		5495D0D22B760A81005A4AEB /* Base */ = {isa = PBXFileReference; lastKnownFileType = file.storyboard; name = Base; path = Base.lproj/Main.storyboard; sourceTree = "<group>"; };
		5495D0D42B760A83005A4AEB /* Assets.xcassets */ = {isa = PBXFileReference; lastKnownFileType = folder.assetcatalog; path = Assets.xcassets; sourceTree = "<group>"; };
		5495D0D72B760A83005A4AEB /* Base */ = {isa = PBXFileReference; lastKnownFileType = file.storyboard; name = Base; path = Base.lproj/LaunchScreen.storyboard; sourceTree = "<group>"; };
		5495D0D92B760A83005A4AEB /* Info.plist */ = {isa = PBXFileReference; lastKnownFileType = text.plist.xml; path = Info.plist; sourceTree = "<group>"; };
		5495D0DE2B760A83005A4AEB /* M5_JCW_AdventureTests.xctest */ = {isa = PBXFileReference; explicitFileType = wrapper.cfbundle; includeInIndex = 0; path = M5_JCW_AdventureTests.xctest; sourceTree = BUILT_PRODUCTS_DIR; };
		5495D0E22B760A83005A4AEB /* M5_JCW_AdventureTests.swift */ = {isa = PBXFileReference; lastKnownFileType = sourcecode.swift; path = M5_JCW_AdventureTests.swift; sourceTree = "<group>"; };
		5495D0E82B760A83005A4AEB /* M5_JCW_AdventureUITests.xctest */ = {isa = PBXFileReference; explicitFileType = wrapper.cfbundle; includeInIndex = 0; path = M5_JCW_AdventureUITests.xctest; sourceTree = BUILT_PRODUCTS_DIR; };
		5495D0EC2B760A83005A4AEB /* M5_JCW_AdventureUITests.swift */ = {isa = PBXFileReference; lastKnownFileType = sourcecode.swift; path = M5_JCW_AdventureUITests.swift; sourceTree = "<group>"; };
		5495D0EE2B760A83005A4AEB /* M5_JCW_AdventureUITestsLaunchTests.swift */ = {isa = PBXFileReference; lastKnownFileType = sourcecode.swift; path = M5_JCW_AdventureUITestsLaunchTests.swift; sourceTree = "<group>"; };
		5495D0FD2B760B0B005A4AEB /* Adventure.swift */ = {isa = PBXFileReference; lastKnownFileType = sourcecode.swift; path = Adventure.swift; sourceTree = "<group>"; };
		5495D0FF2B760B1C005A4AEB /* AdventureLogic.swift */ = {isa = PBXFileReference; lastKnownFileType = sourcecode.swift; path = AdventureLogic.swift; sourceTree = "<group>"; };
/* End PBXFileReference section */

/* Begin PBXFrameworksBuildPhase section */
		5495D0C52B760A81005A4AEB /* Frameworks */ = {
			isa = PBXFrameworksBuildPhase;
			buildActionMask = 2147483647;
			files = (
			);
			runOnlyForDeploymentPostprocessing = 0;
		};
		5495D0DB2B760A83005A4AEB /* Frameworks */ = {
			isa = PBXFrameworksBuildPhase;
			buildActionMask = 2147483647;
			files = (
			);
			runOnlyForDeploymentPostprocessing = 0;
		};
		5495D0E52B760A83005A4AEB /* Frameworks */ = {
			isa = PBXFrameworksBuildPhase;
			buildActionMask = 2147483647;
			files = (
			);
			runOnlyForDeploymentPostprocessing = 0;
		};
/* End PBXFrameworksBuildPhase section */

/* Begin PBXGroup section */
		5495D0BF2B760A81005A4AEB = {
			isa = PBXGroup;
			children = (
				5495D0CA2B760A81005A4AEB /* M5_JCW_Adventure */,
				5495D0E12B760A83005A4AEB /* M5_JCW_AdventureTests */,
				5495D0EB2B760A83005A4AEB /* M5_JCW_AdventureUITests */,
				5495D0C92B760A81005A4AEB /* Products */,
			);
			sourceTree = "<group>";
		};
		5495D0C92B760A81005A4AEB /* Products */ = {
			isa = PBXGroup;
			children = (
				5495D0C82B760A81005A4AEB /* M5_JCW_Adventure.app */,
				5495D0DE2B760A83005A4AEB /* M5_JCW_AdventureTests.xctest */,
				5495D0E82B760A83005A4AEB /* M5_JCW_AdventureUITests.xctest */,
			);
			name = Products;
			sourceTree = "<group>";
		};
		5495D0CA2B760A81005A4AEB /* M5_JCW_Adventure */ = {
			isa = PBXGroup;
			children = (
				5495D0CB2B760A81005A4AEB /* AppDelegate.swift */,
				5495D0CD2B760A81005A4AEB /* SceneDelegate.swift */,
				5495D0FC2B760AF8005A4AEB /* Model */,
				5495D0FB2B760AE4005A4AEB /* View */,
				5495D0D12B760A81005A4AEB /* Main.storyboard */,
				5495D0D42B760A83005A4AEB /* Assets.xcassets */,
				5495D0D62B760A83005A4AEB /* LaunchScreen.storyboard */,
				5495D0D92B760A83005A4AEB /* Info.plist */,
			);
			path = M5_JCW_Adventure;
			sourceTree = "<group>";
		};
		5495D0E12B760A83005A4AEB /* M5_JCW_AdventureTests */ = {
			isa = PBXGroup;
			children = (
				5495D0E22B760A83005A4AEB /* M5_JCW_AdventureTests.swift */,
			);
			path = M5_JCW_AdventureTests;
			sourceTree = "<group>";
		};
		5495D0EB2B760A83005A4AEB /* M5_JCW_AdventureUITests */ = {
			isa = PBXGroup;
			children = (
				5495D0EC2B760A83005A4AEB /* M5_JCW_AdventureUITests.swift */,
				5495D0EE2B760A83005A4AEB /* M5_JCW_AdventureUITestsLaunchTests.swift */,
			);
			path = M5_JCW_AdventureUITests;
			sourceTree = "<group>";
		};
		5495D0FB2B760AE4005A4AEB /* View */ = {
			isa = PBXGroup;
			children = (
				5495D0CF2B760A81005A4AEB /* ViewController.swift */,
			);
			path = View;
			sourceTree = "<group>";
		};
		5495D0FC2B760AF8005A4AEB /* Model */ = {
			isa = PBXGroup;
			children = (
				5495D0FD2B760B0B005A4AEB /* Adventure.swift */,
				5495D0FF2B760B1C005A4AEB /* AdventureLogic.swift */,
			);
			path = Model;
			sourceTree = "<group>";
		};
/* End PBXGroup section */

/* Begin PBXNativeTarget section */
		5495D0C72B760A81005A4AEB /* M5_JCW_Adventure */ = {
			isa = PBXNativeTarget;
			buildConfigurationList = 5495D0F22B760A83005A4AEB /* Build configuration list for PBXNativeTarget "M5_JCW_Adventure" */;
			buildPhases = (
				5495D0C42B760A81005A4AEB /* Sources */,
				5495D0C52B760A81005A4AEB /* Frameworks */,
				5495D0C62B760A81005A4AEB /* Resources */,
			);
			buildRules = (
			);
			dependencies = (
			);
			name = M5_JCW_Adventure;
			productName = M5_JCW_Adventure;
			productReference = 5495D0C82B760A81005A4AEB /* M5_JCW_Adventure.app */;
			productType = "com.apple.product-type.application";
		};
		5495D0DD2B760A83005A4AEB /* M5_JCW_AdventureTests */ = {
			isa = PBXNativeTarget;
			buildConfigurationList = 5495D0F52B760A83005A4AEB /* Build configuration list for PBXNativeTarget "M5_JCW_AdventureTests" */;
			buildPhases = (
				5495D0DA2B760A83005A4AEB /* Sources */,
				5495D0DB2B760A83005A4AEB /* Frameworks */,
				5495D0DC2B760A83005A4AEB /* Resources */,
			);
			buildRules = (
			);
			dependencies = (
				5495D0E02B760A83005A4AEB /* PBXTargetDependency */,
			);
			name = M5_JCW_AdventureTests;
			productName = M5_JCW_AdventureTests;
			productReference = 5495D0DE2B760A83005A4AEB /* M5_JCW_AdventureTests.xctest */;
			productType = "com.apple.product-type.bundle.unit-test";
		};
		5495D0E72B760A83005A4AEB /* M5_JCW_AdventureUITests */ = {
			isa = PBXNativeTarget;
			buildConfigurationList = 5495D0F82B760A83005A4AEB /* Build configuration list for PBXNativeTarget "M5_JCW_AdventureUITests" */;
			buildPhases = (
				5495D0E42B760A83005A4AEB /* Sources */,
				5495D0E52B760A83005A4AEB /* Frameworks */,
				5495D0E62B760A83005A4AEB /* Resources */,
			);
			buildRules = (
			);
			dependencies = (
				5495D0EA2B760A83005A4AEB /* PBXTargetDependency */,
			);
			name = M5_JCW_AdventureUITests;
			productName = M5_JCW_AdventureUITests;
			productReference = 5495D0E82B760A83005A4AEB /* M5_JCW_AdventureUITests.xctest */;
			productType = "com.apple.product-type.bundle.ui-testing";
		};
/* End PBXNativeTarget section */

/* Begin PBXProject section */
		5495D0C02B760A81005A4AEB /* Project object */ = {
			isa = PBXProject;
			attributes = {
				BuildIndependentTargetsInParallel = 1;
				LastSwiftUpdateCheck = 1520;
				LastUpgradeCheck = 1520;
				TargetAttributes = {
					5495D0C72B760A81005A4AEB = {
						CreatedOnToolsVersion = 15.2;
					};
					5495D0DD2B760A83005A4AEB = {
						CreatedOnToolsVersion = 15.2;
						TestTargetID = 5495D0C72B760A81005A4AEB;
					};
					5495D0E72B760A83005A4AEB = {
						CreatedOnToolsVersion = 15.2;
						TestTargetID = 5495D0C72B760A81005A4AEB;
					};
				};
			};
			buildConfigurationList = 5495D0C32B760A81005A4AEB /* Build configuration list for PBXProject "M5_JCW_Adventure" */;
			compatibilityVersion = "Xcode 14.0";
			developmentRegion = en;
			hasScannedForEncodings = 0;
			knownRegions = (
				en,
				Base,
			);
			mainGroup = 5495D0BF2B760A81005A4AEB;
			productRefGroup = 5495D0C92B760A81005A4AEB /* Products */;
			projectDirPath = "";
			projectRoot = "";
			targets = (
				5495D0C72B760A81005A4AEB /* M5_JCW_Adventure */,
				5495D0DD2B760A83005A4AEB /* M5_JCW_AdventureTests */,
				5495D0E72B760A83005A4AEB /* M5_JCW_AdventureUITests */,
			);
		};
/* End PBXProject section */

/* Begin PBXResourcesBuildPhase section */
		5495D0C62B760A81005A4AEB /* Resources */ = {
			isa = PBXResourcesBuildPhase;
			buildActionMask = 2147483647;
			files = (
				5495D0D82B760A83005A4AEB /* LaunchScreen.storyboard in Resources */,
				5495D0D52B760A83005A4AEB /* Assets.xcassets in Resources */,
				5495D0D32B760A81005A4AEB /* Main.storyboard in Resources */,
			);
			runOnlyForDeploymentPostprocessing = 0;
		};
		5495D0DC2B760A83005A4AEB /* Resources */ = {
			isa = PBXResourcesBuildPhase;
			buildActionMask = 2147483647;
			files = (
			);
			runOnlyForDeploymentPostprocessing = 0;
		};
		5495D0E62B760A83005A4AEB /* Resources */ = {
			isa = PBXResourcesBuildPhase;
			buildActionMask = 2147483647;
			files = (
			);
			runOnlyForDeploymentPostprocessing = 0;
		};
/* End PBXResourcesBuildPhase section */

/* Begin PBXSourcesBuildPhase section */
		5495D0C42B760A81005A4AEB /* Sources */ = {
			isa = PBXSourcesBuildPhase;
			buildActionMask = 2147483647;
			files = (
				5495D1002B760B1C005A4AEB /* AdventureLogic.swift in Sources */,
				5495D0FE2B760B0B005A4AEB /* Adventure.swift in Sources */,
				5495D0D02B760A81005A4AEB /* ViewController.swift in Sources */,
				5495D0CC2B760A81005A4AEB /* AppDelegate.swift in Sources */,
				5495D0CE2B760A81005A4AEB /* SceneDelegate.swift in Sources */,
			);
			runOnlyForDeploymentPostprocessing = 0;
		};
		5495D0DA2B760A83005A4AEB /* Sources */ = {
			isa = PBXSourcesBuildPhase;
			buildActionMask = 2147483647;
			files = (
				5495D0E32B760A83005A4AEB /* M5_JCW_AdventureTests.swift in Sources */,
			);
			runOnlyForDeploymentPostprocessing = 0;
		};
		5495D0E42B760A83005A4AEB /* Sources */ = {
			isa = PBXSourcesBuildPhase;
			buildActionMask = 2147483647;
			files = (
				5495D0EF2B760A83005A4AEB /* M5_JCW_AdventureUITestsLaunchTests.swift in Sources */,
				5495D0ED2B760A83005A4AEB /* M5_JCW_AdventureUITests.swift in Sources */,
			);
			runOnlyForDeploymentPostprocessing = 0;
		};
/* End PBXSourcesBuildPhase section */

/* Begin PBXTargetDependency section */
		5495D0E02B760A83005A4AEB /* PBXTargetDependency */ = {
			isa = PBXTargetDependency;
			target = 5495D0C72B760A81005A4AEB /* M5_JCW_Adventure */;
			targetProxy = 5495D0DF2B760A83005A4AEB /* PBXContainerItemProxy */;
		};
		5495D0EA2B760A83005A4AEB /* PBXTargetDependency */ = {
			isa = PBXTargetDependency;
			target = 5495D0C72B760A81005A4AEB /* M5_JCW_Adventure */;
			targetProxy = 5495D0E92B760A83005A4AEB /* PBXContainerItemProxy */;
		};
/* End PBXTargetDependency section */

/* Begin PBXVariantGroup section */
		5495D0D12B760A81005A4AEB /* Main.storyboard */ = {
			isa = PBXVariantGroup;
			children = (
				5495D0D22B760A81005A4AEB /* Base */,
			);
			name = Main.storyboard;
			sourceTree = "<group>";
		};
		5495D0D62B760A83005A4AEB /* LaunchScreen.storyboard */ = {
			isa = PBXVariantGroup;
			children = (
				5495D0D72B760A83005A4AEB /* Base */,
			);
			name = LaunchScreen.storyboard;
			sourceTree = "<group>";
		};
/* End PBXVariantGroup section */

/* Begin XCBuildConfiguration section */
		5495D0F02B760A83005A4AEB /* Debug */ = {
			isa = XCBuildConfiguration;
			buildSettings = {
				ALWAYS_SEARCH_USER_PATHS = NO;
				ASSETCATALOG_COMPILER_GENERATE_SWIFT_ASSET_SYMBOL_EXTENSIONS = YES;
				CLANG_ANALYZER_NONNULL = YES;
				CLANG_ANALYZER_NUMBER_OBJECT_CONVERSION = YES_AGGRESSIVE;
				CLANG_CXX_LANGUAGE_STANDARD = "gnu++20";
				CLANG_ENABLE_MODULES = YES;
				CLANG_ENABLE_OBJC_ARC = YES;
				CLANG_ENABLE_OBJC_WEAK = YES;
				CLANG_WARN_BLOCK_CAPTURE_AUTORELEASING = YES;
				CLANG_WARN_BOOL_CONVERSION = YES;
				CLANG_WARN_COMMA = YES;
				CLANG_WARN_CONSTANT_CONVERSION = YES;
				CLANG_WARN_DEPRECATED_OBJC_IMPLEMENTATIONS = YES;
				CLANG_WARN_DIRECT_OBJC_ISA_USAGE = YES_ERROR;
				CLANG_WARN_DOCUMENTATION_COMMENTS = YES;
				CLANG_WARN_EMPTY_BODY = YES;
				CLANG_WARN_ENUM_CONVERSION = YES;
				CLANG_WARN_INFINITE_RECURSION = YES;
				CLANG_WARN_INT_CONVERSION = YES;
				CLANG_WARN_NON_LITERAL_NULL_CONVERSION = YES;
				CLANG_WARN_OBJC_IMPLICIT_RETAIN_SELF = YES;
				CLANG_WARN_OBJC_LITERAL_CONVERSION = YES;
				CLANG_WARN_OBJC_ROOT_CLASS = YES_ERROR;
				CLANG_WARN_QUOTED_INCLUDE_IN_FRAMEWORK_HEADER = YES;
				CLANG_WARN_RANGE_LOOP_ANALYSIS = YES;
				CLANG_WARN_STRICT_PROTOTYPES = YES;
				CLANG_WARN_SUSPICIOUS_MOVE = YES;
				CLANG_WARN_UNGUARDED_AVAILABILITY = YES_AGGRESSIVE;
				CLANG_WARN_UNREACHABLE_CODE = YES;
				CLANG_WARN__DUPLICATE_METHOD_MATCH = YES;
				COPY_PHASE_STRIP = NO;
				DEBUG_INFORMATION_FORMAT = dwarf;
				ENABLE_STRICT_OBJC_MSGSEND = YES;
				ENABLE_TESTABILITY = YES;
				ENABLE_USER_SCRIPT_SANDBOXING = YES;
				GCC_C_LANGUAGE_STANDARD = gnu17;
				GCC_DYNAMIC_NO_PIC = NO;
				GCC_NO_COMMON_BLOCKS = YES;
				GCC_OPTIMIZATION_LEVEL = 0;
				GCC_PREPROCESSOR_DEFINITIONS = (
					"DEBUG=1",
					"$(inherited)",
				);
				GCC_WARN_64_TO_32_BIT_CONVERSION = YES;
				GCC_WARN_ABOUT_RETURN_TYPE = YES_ERROR;
				GCC_WARN_UNDECLARED_SELECTOR = YES;
				GCC_WARN_UNINITIALIZED_AUTOS = YES_AGGRESSIVE;
				GCC_WARN_UNUSED_FUNCTION = YES;
				GCC_WARN_UNUSED_VARIABLE = YES;
				IPHONEOS_DEPLOYMENT_TARGET = 17.2;
				LOCALIZATION_PREFERS_STRING_CATALOGS = YES;
				MTL_ENABLE_DEBUG_INFO = INCLUDE_SOURCE;
				MTL_FAST_MATH = YES;
				ONLY_ACTIVE_ARCH = YES;
				SDKROOT = iphoneos;
				SWIFT_ACTIVE_COMPILATION_CONDITIONS = "DEBUG $(inherited)";
				SWIFT_OPTIMIZATION_LEVEL = "-Onone";
			};
			name = Debug;
		};
		5495D0F12B760A83005A4AEB /* Release */ = {
			isa = XCBuildConfiguration;
			buildSettings = {
				ALWAYS_SEARCH_USER_PATHS = NO;
				ASSETCATALOG_COMPILER_GENERATE_SWIFT_ASSET_SYMBOL_EXTENSIONS = YES;
				CLANG_ANALYZER_NONNULL = YES;
				CLANG_ANALYZER_NUMBER_OBJECT_CONVERSION = YES_AGGRESSIVE;
				CLANG_CXX_LANGUAGE_STANDARD = "gnu++20";
				CLANG_ENABLE_MODULES = YES;
				CLANG_ENABLE_OBJC_ARC = YES;
				CLANG_ENABLE_OBJC_WEAK = YES;
				CLANG_WARN_BLOCK_CAPTURE_AUTORELEASING = YES;
				CLANG_WARN_BOOL_CONVERSION = YES;
				CLANG_WARN_COMMA = YES;
				CLANG_WARN_CONSTANT_CONVERSION = YES;
				CLANG_WARN_DEPRECATED_OBJC_IMPLEMENTATIONS = YES;
				CLANG_WARN_DIRECT_OBJC_ISA_USAGE = YES_ERROR;
				CLANG_WARN_DOCUMENTATION_COMMENTS = YES;
				CLANG_WARN_EMPTY_BODY = YES;
				CLANG_WARN_ENUM_CONVERSION = YES;
				CLANG_WARN_INFINITE_RECURSION = YES;
				CLANG_WARN_INT_CONVERSION = YES;
				CLANG_WARN_NON_LITERAL_NULL_CONVERSION = YES;
				CLANG_WARN_OBJC_IMPLICIT_RETAIN_SELF = YES;
				CLANG_WARN_OBJC_LITERAL_CONVERSION = YES;
				CLANG_WARN_OBJC_ROOT_CLASS = YES_ERROR;
				CLANG_WARN_QUOTED_INCLUDE_IN_FRAMEWORK_HEADER = YES;
				CLANG_WARN_RANGE_LOOP_ANALYSIS = YES;
				CLANG_WARN_STRICT_PROTOTYPES = YES;
				CLANG_WARN_SUSPICIOUS_MOVE = YES;
				CLANG_WARN_UNGUARDED_AVAILABILITY = YES_AGGRESSIVE;
				CLANG_WARN_UNREACHABLE_CODE = YES;
				CLANG_WARN__DUPLICATE_METHOD_MATCH = YES;
				COPY_PHASE_STRIP = NO;
				DEBUG_INFORMATION_FORMAT = "dwarf-with-dsym";
				ENABLE_NS_ASSERTIONS = NO;
				ENABLE_STRICT_OBJC_MSGSEND = YES;
				ENABLE_USER_SCRIPT_SANDBOXING = YES;
				GCC_C_LANGUAGE_STANDARD = gnu17;
				GCC_NO_COMMON_BLOCKS = YES;
				GCC_WARN_64_TO_32_BIT_CONVERSION = YES;
				GCC_WARN_ABOUT_RETURN_TYPE = YES_ERROR;
				GCC_WARN_UNDECLARED_SELECTOR = YES;
				GCC_WARN_UNINITIALIZED_AUTOS = YES_AGGRESSIVE;
				GCC_WARN_UNUSED_FUNCTION = YES;
				GCC_WARN_UNUSED_VARIABLE = YES;
				IPHONEOS_DEPLOYMENT_TARGET = 17.2;
				LOCALIZATION_PREFERS_STRING_CATALOGS = YES;
				MTL_ENABLE_DEBUG_INFO = NO;
				MTL_FAST_MATH = YES;
				SDKROOT = iphoneos;
				SWIFT_COMPILATION_MODE = wholemodule;
				VALIDATE_PRODUCT = YES;
			};
			name = Release;
		};
		5495D0F32B760A83005A4AEB /* Debug */ = {
			isa = XCBuildConfiguration;
			buildSettings = {
				ASSETCATALOG_COMPILER_APPICON_NAME = AppIcon;
				ASSETCATALOG_COMPILER_GLOBAL_ACCENT_COLOR_NAME = AccentColor;
				CODE_SIGN_STYLE = Automatic;
				CURRENT_PROJECT_VERSION = 1;
				GENERATE_INFOPLIST_FILE = YES;
				INFOPLIST_FILE = M5_JCW_Adventure/Info.plist;
				INFOPLIST_KEY_UIApplicationSupportsIndirectInputEvents = YES;
				INFOPLIST_KEY_UILaunchStoryboardName = LaunchScreen;
				INFOPLIST_KEY_UIMainStoryboardFile = Main;
				INFOPLIST_KEY_UISupportedInterfaceOrientations = "UIInterfaceOrientationLandscapeLeft UIInterfaceOrientationLandscapeRight UIInterfaceOrientationPortrait UIInterfaceOrientationPortraitUpsideDown";
				IPHONEOS_DEPLOYMENT_TARGET = 16.4;
				LD_RUNPATH_SEARCH_PATHS = (
					"$(inherited)",
					"@executable_path/Frameworks",
				);
				MARKETING_VERSION = 1.0;
				PRODUCT_BUNDLE_IDENTIFIER = "edu.auburn.onlinecsse.M5-JCW-Adventure";
				PRODUCT_NAME = "$(TARGET_NAME)";
				SWIFT_EMIT_LOC_STRINGS = YES;
				SWIFT_VERSION = 5.0;
				TARGETED_DEVICE_FAMILY = "1,2";
			};
			name = Debug;
		};
		5495D0F42B760A83005A4AEB /* Release */ = {
			isa = XCBuildConfiguration;
			buildSettings = {
				ASSETCATALOG_COMPILER_APPICON_NAME = AppIcon;
				ASSETCATALOG_COMPILER_GLOBAL_ACCENT_COLOR_NAME = AccentColor;
				CODE_SIGN_STYLE = Automatic;
				CURRENT_PROJECT_VERSION = 1;
				GENERATE_INFOPLIST_FILE = YES;
				INFOPLIST_FILE = M5_JCW_Adventure/Info.plist;
				INFOPLIST_KEY_UIApplicationSupportsIndirectInputEvents = YES;
				INFOPLIST_KEY_UILaunchStoryboardName = LaunchScreen;
				INFOPLIST_KEY_UIMainStoryboardFile = Main;
				INFOPLIST_KEY_UISupportedInterfaceOrientations = "UIInterfaceOrientationLandscapeLeft UIInterfaceOrientationLandscapeRight UIInterfaceOrientationPortrait UIInterfaceOrientationPortraitUpsideDown";
				IPHONEOS_DEPLOYMENT_TARGET = 16.4;
				LD_RUNPATH_SEARCH_PATHS = (
					"$(inherited)",
					"@executable_path/Frameworks",
				);
				MARKETING_VERSION = 1.0;
				PRODUCT_BUNDLE_IDENTIFIER = "edu.auburn.onlinecsse.M5-JCW-Adventure";
				PRODUCT_NAME = "$(TARGET_NAME)";
				SWIFT_EMIT_LOC_STRINGS = YES;
				SWIFT_VERSION = 5.0;
				TARGETED_DEVICE_FAMILY = "1,2";
			};
			name = Release;
		};
		5495D0F62B760A83005A4AEB /* Debug */ = {
			isa = XCBuildConfiguration;
			buildSettings = {
				ALWAYS_EMBED_SWIFT_STANDARD_LIBRARIES = YES;
				BUNDLE_LOADER = "$(TEST_HOST)";
				CODE_SIGN_STYLE = Automatic;
				CURRENT_PROJECT_VERSION = 1;
				GENERATE_INFOPLIST_FILE = YES;
				IPHONEOS_DEPLOYMENT_TARGET = 17.2;
				MARKETING_VERSION = 1.0;
				PRODUCT_BUNDLE_IDENTIFIER = "edu.auburn.onlinecsse.M5-JCW-AdventureTests";
				PRODUCT_NAME = "$(TARGET_NAME)";
				SWIFT_EMIT_LOC_STRINGS = NO;
				SWIFT_VERSION = 5.0;
				TARGETED_DEVICE_FAMILY = "1,2";
				TEST_HOST = "$(BUILT_PRODUCTS_DIR)/M5_JCW_Adventure.app/$(BUNDLE_EXECUTABLE_FOLDER_PATH)/M5_JCW_Adventure";
			};
			name = Debug;
		};
		5495D0F72B760A83005A4AEB /* Release */ = {
			isa = XCBuildConfiguration;
			buildSettings = {
				ALWAYS_EMBED_SWIFT_STANDARD_LIBRARIES = YES;
				BUNDLE_LOADER = "$(TEST_HOST)";
				CODE_SIGN_STYLE = Automatic;
				CURRENT_PROJECT_VERSION = 1;
				GENERATE_INFOPLIST_FILE = YES;
				IPHONEOS_DEPLOYMENT_TARGET = 17.2;
				MARKETING_VERSION = 1.0;
				PRODUCT_BUNDLE_IDENTIFIER = "edu.auburn.onlinecsse.M5-JCW-AdventureTests";
				PRODUCT_NAME = "$(TARGET_NAME)";
				SWIFT_EMIT_LOC_STRINGS = NO;
				SWIFT_VERSION = 5.0;
				TARGETED_DEVICE_FAMILY = "1,2";
				TEST_HOST = "$(BUILT_PRODUCTS_DIR)/M5_JCW_Adventure.app/$(BUNDLE_EXECUTABLE_FOLDER_PATH)/M5_JCW_Adventure";
			};
			name = Release;
		};
		5495D0F92B760A83005A4AEB /* Debug */ = {
			isa = XCBuildConfiguration;
			buildSettings = {
				ALWAYS_EMBED_SWIFT_STANDARD_LIBRARIES = YES;
				CODE_SIGN_STYLE = Automatic;
				CURRENT_PROJECT_VERSION = 1;
				GENERATE_INFOPLIST_FILE = YES;
				MARKETING_VERSION = 1.0;
				PRODUCT_BUNDLE_IDENTIFIER = "edu.auburn.onlinecsse.M5-JCW-AdventureUITests";
				PRODUCT_NAME = "$(TARGET_NAME)";
				SWIFT_EMIT_LOC_STRINGS = NO;
				SWIFT_VERSION = 5.0;
				TARGETED_DEVICE_FAMILY = "1,2";
				TEST_TARGET_NAME = M5_JCW_Adventure;
			};
			name = Debug;
		};
		5495D0FA2B760A83005A4AEB /* Release */ = {
			isa = XCBuildConfiguration;
			buildSettings = {
				ALWAYS_EMBED_SWIFT_STANDARD_LIBRARIES = YES;
				CODE_SIGN_STYLE = Automatic;
				CURRENT_PROJECT_VERSION = 1;
				GENERATE_INFOPLIST_FILE = YES;
				MARKETING_VERSION = 1.0;
				PRODUCT_BUNDLE_IDENTIFIER = "edu.auburn.onlinecsse.M5-JCW-AdventureUITests";
				PRODUCT_NAME = "$(TARGET_NAME)";
				SWIFT_EMIT_LOC_STRINGS = NO;
				SWIFT_VERSION = 5.0;
				TARGETED_DEVICE_FAMILY = "1,2";
				TEST_TARGET_NAME = M5_JCW_Adventure;
			};
			name = Release;
		};
/* End XCBuildConfiguration section */

/* Begin XCConfigurationList section */
		5495D0C32B760A81005A4AEB /* Build configuration list for PBXProject "M5_JCW_Adventure" */ = {
			isa = XCConfigurationList;
			buildConfigurations = (
				5495D0F02B760A83005A4AEB /* Debug */,
				5495D0F12B760A83005A4AEB /* Release */,
			);
			defaultConfigurationIsVisible = 0;
			defaultConfigurationName = Release;
		};
		5495D0F22B760A83005A4AEB /* Build configuration list for PBXNativeTarget "M5_JCW_Adventure" */ = {
			isa = XCConfigurationList;
			buildConfigurations = (
				5495D0F32B760A83005A4AEB /* Debug */,
				5495D0F42B760A83005A4AEB /* Release */,
			);
			defaultConfigurationIsVisible = 0;
			defaultConfigurationName = Release;
		};
		5495D0F52B760A83005A4AEB /* Build configuration list for PBXNativeTarget "M5_JCW_AdventureTests" */ = {
			isa = XCConfigurationList;
			buildConfigurations = (
				5495D0F62B760A83005A4AEB /* Debug */,
				5495D0F72B760A83005A4AEB /* Release */,
			);
			defaultConfigurationIsVisible = 0;
			defaultConfigurationName = Release;
		};
		5495D0F82B760A83005A4AEB /* Build configuration list for PBXNativeTarget "M5_JCW_AdventureUITests" */ = {
			isa = XCConfigurationList;
			buildConfigurations = (
				5495D0F92B760A83005A4AEB /* Debug */,
				5495D0FA2B760A83005A4AEB /* Release */,
			);
			defaultConfigurationIsVisible = 0;
			defaultConfigurationName = Release;
		};
/* End XCConfigurationList section */
	};
	rootObject = 5495D0C02B760A81005A4AEB /* Project object */;
}
